
Microsoft Visual Studio Solution File, Format Version 12.00
# Visual Studio Version 16
VisualStudioVersion = 16.0.31424.327
MinimumVisualStudioVersion = 10.0.40219.1
Project("{9A19103F-16F7-4668-BE54-9A1E7A4F7556}") = "Consolee", "Console\Consolee.csproj", "{20F50D2E-D138-4E35-AA80-74811BA8A6EF}"
EndProject
Global
	GlobalSection(SolutionConfigurationPlatforms) = preSolution
		Debug|Any CPU = Debug|Any CPU
		Release|Any CPU = Release|Any CPU
	EndGlobalSection
	GlobalSection(ProjectConfigurationPlatforms) = postSolution
		{20F50D2E-D138-4E35-AA80-74811BA8A6EF}.Debug|Any CPU.ActiveCfg = Debug|Any CPU
		{20F50D2E-D138-4E35-AA80-74811BA8A6EF}.Debug|Any CPU.Build.0 = Debug|Any CPU
		{20F50D2E-D138-4E35-AA80-74811BA8A6EF}.Release|Any CPU.ActiveCfg = Release|Any CPU
		{20F50D2E-D138-4E35-AA80-74811BA8A6EF}.Release|Any CPU.Build.0 = Release|Any CPU
	EndGlobalSection
	GlobalSection(SolutionProperties) = preSolution
		HideSolutionNode = FALSE
	EndGlobalSection
	GlobalSection(ExtensibilityGlobals) = postSolution
		SolutionGuid = {5866BE1D-95AB-4764-8F68-4B3566F1024E}
	EndGlobalSection
EndGlobal
